
Microsoft Visual Studio Solution File, Format Version 12.00
# Visual Studio 15
VisualStudioVersion = 15.0.28307.421
MinimumVisualStudioVersion = 10.0.40219.1
Project("{FAE04EC0-301F-11D3-BF4B-00C04F79EFBC}") = "CardinalDeadStockWebApi", "CardinalDeadStockWebApi\CardinalDeadStockWebApi.csproj", "{ADF89165-777C-4B2B-B8F0-626DA77366A6}"
EndProject
Global
	GlobalSection(SolutionConfigurationPlatforms) = preSolution
		Debug|Any CPU = Debug|Any CPU
		Release|Any CPU = Release|Any CPU
	EndGlobalSection
	GlobalSection(ProjectConfigurationPlatforms) = postSolution
		{ADF89165-777C-4B2B-B8F0-626DA77366A6}.Debug|Any CPU.ActiveCfg = Debug|Any CPU
		{ADF89165-777C-4B2B-B8F0-626DA77366A6}.Debug|Any CPU.Build.0 = Debug|Any CPU
		{ADF89165-777C-4B2B-B8F0-626DA77366A6}.Release|Any CPU.ActiveCfg = Release|Any CPU
		{ADF89165-777C-4B2B-B8F0-626DA77366A6}.Release|Any CPU.Build.0 = Release|Any CPU
	EndGlobalSection
	GlobalSection(SolutionProperties) = preSolution
		HideSolutionNode = FALSE
	EndGlobalSection
	GlobalSection(ExtensibilityGlobals) = postSolution
		SolutionGuid = {6349CE5D-3608-4966-A8C2-3E3269F2BDA1}
	EndGlobalSection
EndGlobal
